
Microsoft Visual Studio Solution File, Format Version 12.00
# Visual Studio 14
VisualStudioVersion = 14.0.25420.1
MinimumVisualStudioVersion = 10.0.40219.1
Project("{FAE04EC0-301F-11D3-BF4B-00C04F79EFBC}") = "Rationals", "Rationals\Rationals.csproj", "{89C50737-EF08-49D3-BAF9-F6D21EFDEFEF}"
EndProject
Global
	GlobalSection(SolutionConfigurationPlatforms) = preSolution
		Debug|Any CPU = Debug|Any CPU
		Release|Any CPU = Release|Any CPU
	EndGlobalSection
	GlobalSection(ProjectConfigurationPlatforms) = postSolution
		{89C50737-EF08-49D3-BAF9-F6D21EFDEFEF}.Debug|Any CPU.ActiveCfg = Debug|Any CPU
		{89C50737-EF08-49D3-BAF9-F6D21EFDEFEF}.Debug|Any CPU.Build.0 = Debug|Any CPU
		{89C50737-EF08-49D3-BAF9-F6D21EFDEFEF}.Release|Any CPU.ActiveCfg = Release|Any CPU
		{89C50737-EF08-49D3-BAF9-F6D21EFDEFEF}.Release|Any CPU.Build.0 = Release|Any CPU
	EndGlobalSection
	GlobalSection(SolutionProperties) = preSolution
		HideSolutionNode = FALSE
	EndGlobalSection
EndGlobal
