
Microsoft Visual Studio Solution File, Format Version 12.00
# Visual Studio 14
VisualStudioVersion = 14.0.25420.1
MinimumVisualStudioVersion = 10.0.40219.1
Project("{FAE04EC0-301F-11D3-BF4B-00C04F79EFBC}") = "Queues", "Queues\Queues.csproj", "{D735427B-A69D-4448-8A21-FB66032BAA26}"
EndProject
Global
	GlobalSection(SolutionConfigurationPlatforms) = preSolution
		Debug|Any CPU = Debug|Any CPU
		Release|Any CPU = Release|Any CPU
	EndGlobalSection
	GlobalSection(ProjectConfigurationPlatforms) = postSolution
		{D735427B-A69D-4448-8A21-FB66032BAA26}.Debug|Any CPU.ActiveCfg = Debug|Any CPU
		{D735427B-A69D-4448-8A21-FB66032BAA26}.Debug|Any CPU.Build.0 = Debug|Any CPU
		{D735427B-A69D-4448-8A21-FB66032BAA26}.Release|Any CPU.ActiveCfg = Release|Any CPU
		{D735427B-A69D-4448-8A21-FB66032BAA26}.Release|Any CPU.Build.0 = Release|Any CPU
	EndGlobalSection
	GlobalSection(SolutionProperties) = preSolution
		HideSolutionNode = FALSE
	EndGlobalSection
EndGlobal
