
Microsoft Visual Studio Solution File, Format Version 12.00
# Visual Studio 14
VisualStudioVersion = 14.0.25123.0
MinimumVisualStudioVersion = 10.0.40219.1
Project("{FAE04EC0-301F-11D3-BF4B-00C04F79EFBC}") = "ShapeLib", "ShapeLib\ShapeLib.csproj", "{070E35DB-B3AA-4DCF-AE14-92B37EB80450}"
EndProject
Project("{FAE04EC0-301F-11D3-BF4B-00C04F79EFBC}") = "ShapesApp", "ShapesApp\ShapesApp.csproj", "{385B2C34-B851-465A-9067-B2CD4CB00F1A}"
EndProject
Global
	GlobalSection(SolutionConfigurationPlatforms) = preSolution
		Debug|Any CPU = Debug|Any CPU
		Release|Any CPU = Release|Any CPU
	EndGlobalSection
	GlobalSection(ProjectConfigurationPlatforms) = postSolution
		{070E35DB-B3AA-4DCF-AE14-92B37EB80450}.Debug|Any CPU.ActiveCfg = Debug|Any CPU
		{070E35DB-B3AA-4DCF-AE14-92B37EB80450}.Debug|Any CPU.Build.0 = Debug|Any CPU
		{070E35DB-B3AA-4DCF-AE14-92B37EB80450}.Release|Any CPU.ActiveCfg = Release|Any CPU
		{070E35DB-B3AA-4DCF-AE14-92B37EB80450}.Release|Any CPU.Build.0 = Release|Any CPU
		{385B2C34-B851-465A-9067-B2CD4CB00F1A}.Debug|Any CPU.ActiveCfg = Debug|Any CPU
		{385B2C34-B851-465A-9067-B2CD4CB00F1A}.Debug|Any CPU.Build.0 = Debug|Any CPU
		{385B2C34-B851-465A-9067-B2CD4CB00F1A}.Release|Any CPU.ActiveCfg = Release|Any CPU
		{385B2C34-B851-465A-9067-B2CD4CB00F1A}.Release|Any CPU.Build.0 = Release|Any CPU
	EndGlobalSection
	GlobalSection(SolutionProperties) = preSolution
		HideSolutionNode = FALSE
	EndGlobalSection
EndGlobal
